
Microsoft Visual Studio Solution File, Format Version 12.00
# Visual Studio Version 16
VisualStudioVersion = 16.0.31424.327
MinimumVisualStudioVersion = 10.0.40219.1
Project("{FAE04EC0-301F-11D3-BF4B-00C04F79EFBC}") = "WebApplication1", "WebApplication1\WebApplication1.csproj", "{B69B9A18-73FF-4BB0-9313-F14AD6DC10A8}"
EndProject
Global
	GlobalSection(SolutionConfigurationPlatforms) = preSolution
		Debug|Any CPU = Debug|Any CPU
		Release|Any CPU = Release|Any CPU
	EndGlobalSection
	GlobalSection(ProjectConfigurationPlatforms) = postSolution
		{B69B9A18-73FF-4BB0-9313-F14AD6DC10A8}.Debug|Any CPU.ActiveCfg = Debug|Any CPU
		{B69B9A18-73FF-4BB0-9313-F14AD6DC10A8}.Debug|Any CPU.Build.0 = Debug|Any CPU
		{B69B9A18-73FF-4BB0-9313-F14AD6DC10A8}.Release|Any CPU.ActiveCfg = Release|Any CPU
		{B69B9A18-73FF-4BB0-9313-F14AD6DC10A8}.Release|Any CPU.Build.0 = Release|Any CPU
	EndGlobalSection
	GlobalSection(SolutionProperties) = preSolution
		HideSolutionNode = FALSE
	EndGlobalSection
	GlobalSection(ExtensibilityGlobals) = postSolution
		SolutionGuid = {B493CFAA-796E-4D0B-8F74-57CFB1B820EF}
	EndGlobalSection
EndGlobal
